Microsoft Visual Studio Solution File, Format Version 12.00
# Visual Studio Version 17
VisualStudioVersion = 17.5.2.0
MinimumVisualStudioVersion = 10.0.40219.1
Project("{FAE04EC0-301F-11D3-BF4B-00C04F79EFBC}") = "calcuPedro", "calcuPedro.csproj", "{73DE8228-9D2C-5431-2672-D52C691BE8CF}"
EndProject
Global
	GlobalSection(SolutionConfigurationPlatforms) = preSolution
		Debug|Any CPU = Debug|Any CPU
		Release|Any CPU = Release|Any CPU
	EndGlobalSection
	GlobalSection(ProjectConfigurationPlatforms) = postSolution
		{73DE8228-9D2C-5431-2672-D52C691BE8CF}.Debug|Any CPU.ActiveCfg = Debug|Any CPU
		{73DE8228-9D2C-5431-2672-D52C691BE8CF}.Debug|Any CPU.Build.0 = Debug|Any CPU
		{73DE8228-9D2C-5431-2672-D52C691BE8CF}.Release|Any CPU.ActiveCfg = Release|Any CPU
		{73DE8228-9D2C-5431-2672-D52C691BE8CF}.Release|Any CPU.Build.0 = Release|Any CPU
	EndGlobalSection
	GlobalSection(SolutionProperties) = preSolution
		HideSolutionNode = FALSE
	EndGlobalSection
	GlobalSection(ExtensibilityGlobals) = postSolution
		SolutionGuid = {F5B83926-C1E5-4968-9636-719EFDA16EC2}
	EndGlobalSection
EndGlobal
